// !$*UTF8*$!
{
	archiveVersion = 1;
	classes = {
	};
	objectVersion = 55;
	objects = {

/* Begin PBXBuildFile section */
		2FD5EFE127F7563C006E2889 /* AppDelegate.swift in Sources */ = {isa = PBXBuildFile; fileRef = 2FD5EFE027F7563C006E2889 /* AppDelegate.swift */; };
		2FD5EFE327F7563C006E2889 /* SceneDelegate.swift in Sources */ = {isa = PBXBuildFile; fileRef = 2FD5EFE227F7563C006E2889 /* SceneDelegate.swift */; };
		2FD5EFE527F7563C006E2889 /* VideosListViewController.swift in Sources */ = {isa = PBXBuildFile; fileRef = 2FD5EFE427F7563C006E2889 /* VideosListViewController.swift */; };
		2FD5EFE827F7563C006E2889 /* Main.storyboard in Resources */ = {isa = PBXBuildFile; fileRef = 2FD5EFE627F7563C006E2889 /* Main.storyboard */; };
		2FD5EFEA27F7563D006E2889 /* Assets.xcassets in Resources */ = {isa = PBXBuildFile; fileRef = 2FD5EFE927F7563D006E2889 /* Assets.xcassets */; };
		2FD5EFED27F7563D006E2889 /* LaunchScreen.storyboard in Resources */ = {isa = PBXBuildFile; fileRef = 2FD5EFEB27F7563D006E2889 /* LaunchScreen.storyboard */; };
		2FD5EFF727F757D7006E2889 /* VideoCell.swift in Sources */ = {isa = PBXBuildFile; fileRef = 2FD5EFF627F757D7006E2889 /* VideoCell.swift */; };
/* End PBXBuildFile section */

/* Begin PBXFileReference section */
		2FD5EFDD27F7563C006E2889 /* TapMobileTestApp.app */ = {isa = PBXFileReference; explicitFileType = wrapper.application; includeInIndex = 0; path = TapMobileTestApp.app; sourceTree = BUILT_PRODUCTS_DIR; };
		2FD5EFE027F7563C006E2889 /* AppDelegate.swift */ = {isa = PBXFileReference; lastKnownFileType = sourcecode.swift; path = AppDelegate.swift; sourceTree = "<group>"; };
		2FD5EFE227F7563C006E2889 /* SceneDelegate.swift */ = {isa = PBXFileReference; lastKnownFileType = sourcecode.swift; path = SceneDelegate.swift; sourceTree = "<group>"; };
		2FD5EFE427F7563C006E2889 /* VideosListViewController.swift */ = {isa = PBXFileReference; lastKnownFileType = sourcecode.swift; path = VideosListViewController.swift; sourceTree = "<group>"; };
		2FD5EFE727F7563C006E2889 /* Base */ = {isa = PBXFileReference; lastKnownFileType = file.storyboard; name = Base; path = Base.lproj/Main.storyboard; sourceTree = "<group>"; };
		2FD5EFE927F7563D006E2889 /* Assets.xcassets */ = {isa = PBXFileReference; lastKnownFileType = folder.assetcatalog; path = Assets.xcassets; sourceTree = "<group>"; };
		2FD5EFEC27F7563D006E2889 /* Base */ = {isa = PBXFileReference; lastKnownFileType = file.storyboard; name = Base; path = Base.lproj/LaunchScreen.storyboard; sourceTree = "<group>"; };
		2FD5EFEE27F7563D006E2889 /* Info.plist */ = {isa = PBXFileReference; lastKnownFileType = text.plist.xml; path = Info.plist; sourceTree = "<group>"; };
		2FD5EFF627F757D7006E2889 /* VideoCell.swift */ = {isa = PBXFileReference; lastKnownFileType = sourcecode.swift; path = VideoCell.swift; sourceTree = "<group>"; };
/* End PBXFileReference section */

/* Begin PBXFrameworksBuildPhase section */
		2FD5EFDA27F7563C006E2889 /* Frameworks */ = {
			isa = PBXFrameworksBuildPhase;
			buildActionMask = 2147483647;
			files = (
			);
			runOnlyForDeploymentPostprocessing = 0;
		};
/* End PBXFrameworksBuildPhase section */

/* Begin PBXGroup section */
		2FD5EFD427F7563C006E2889 = {
			isa = PBXGroup;
			children = (
				2FD5EFDF27F7563C006E2889 /* TapMobileTestApp */,
				2FD5EFDE27F7563C006E2889 /* Products */,
			);
			sourceTree = "<group>";
		};
		2FD5EFDE27F7563C006E2889 /* Products */ = {
			isa = PBXGroup;
			children = (
				2FD5EFDD27F7563C006E2889 /* TapMobileTestApp.app */,
			);
			name = Products;
			sourceTree = "<group>";
		};
		2FD5EFDF27F7563C006E2889 /* TapMobileTestApp */ = {
			isa = PBXGroup;
			children = (
				2FD5EFE027F7563C006E2889 /* AppDelegate.swift */,
				2FD5EFE227F7563C006E2889 /* SceneDelegate.swift */,
				2FD5EFF427F757BE006E2889 /* VideosList */,
				2FD5EFE627F7563C006E2889 /* Main.storyboard */,
				2FD5EFE927F7563D006E2889 /* Assets.xcassets */,
				2FD5EFEB27F7563D006E2889 /* LaunchScreen.storyboard */,
				2FD5EFEE27F7563D006E2889 /* Info.plist */,
			);
			path = TapMobileTestApp;
			sourceTree = "<group>";
		};
		2FD5EFF427F757BE006E2889 /* VideosList */ = {
			isa = PBXGroup;
			children = (
				2FD5EFE427F7563C006E2889 /* VideosListViewController.swift */,
				2FD5EFF527F757C8006E2889 /* Cells */,
			);
			path = VideosList;
			sourceTree = "<group>";
		};
		2FD5EFF527F757C8006E2889 /* Cells */ = {
			isa = PBXGroup;
			children = (
				2FD5EFF627F757D7006E2889 /* VideoCell.swift */,
			);
			path = Cells;
			sourceTree = "<group>";
		};
/* End PBXGroup section */

/* Begin PBXNativeTarget section */
		2FD5EFDC27F7563C006E2889 /* TapMobileTestApp */ = {
			isa = PBXNativeTarget;
			buildConfigurationList = 2FD5EFF127F7563D006E2889 /* Build configuration list for PBXNativeTarget "TapMobileTestApp" */;
			buildPhases = (
				2FD5EFD927F7563C006E2889 /* Sources */,
				2FD5EFDA27F7563C006E2889 /* Frameworks */,
				2FD5EFDB27F7563C006E2889 /* Resources */,
			);
			buildRules = (
			);
			dependencies = (
			);
			name = TapMobileTestApp;
			productName = TapMobileTestApp;
			productReference = 2FD5EFDD27F7563C006E2889 /* TapMobileTestApp.app */;
			productType = "com.apple.product-type.application";
		};
/* End PBXNativeTarget section */

/* Begin PBXProject section */
		2FD5EFD527F7563C006E2889 /* Project object */ = {
			isa = PBXProject;
			attributes = {
				BuildIndependentTargetsInParallel = 1;
				LastSwiftUpdateCheck = 1330;
				LastUpgradeCheck = 1330;
				TargetAttributes = {
					2FD5EFDC27F7563C006E2889 = {
						CreatedOnToolsVersion = 13.3;
					};
				};
			};
			buildConfigurationList = 2FD5EFD827F7563C006E2889 /* Build configuration list for PBXProject "TapMobileTestApp" */;
			compatibilityVersion = "Xcode 13.0";
			developmentRegion = en;
			hasScannedForEncodings = 0;
			knownRegions = (
				en,
				Base,
			);
			mainGroup = 2FD5EFD427F7563C006E2889;
			productRefGroup = 2FD5EFDE27F7563C006E2889 /* Products */;
			projectDirPath = "";
			projectRoot = "";
			targets = (
				2FD5EFDC27F7563C006E2889 /* TapMobileTestApp */,
			);
		};
/* End PBXProject section */

/* Begin PBXResourcesBuildPhase section */
		2FD5EFDB27F7563C006E2889 /* Resources */ = {
			isa = PBXResourcesBuildPhase;
			buildActionMask = 2147483647;
			files = (
				2FD5EFED27F7563D006E2889 /* LaunchScreen.storyboard in Resources */,
				2FD5EFEA27F7563D006E2889 /* Assets.xcassets in Resources */,
				2FD5EFE827F7563C006E2889 /* Main.storyboard in Resources */,
			);
			runOnlyForDeploymentPostprocessing = 0;
		};
/* End PBXResourcesBuildPhase section */

/* Begin PBXSourcesBuildPhase section */
		2FD5EFD927F7563C006E2889 /* Sources */ = {
			isa = PBXSourcesBuildPhase;
			buildActionMask = 2147483647;
			files = (
				2FD5EFE527F7563C006E2889 /* VideosListViewController.swift in Sources */,
				2FD5EFF727F757D7006E2889 /* VideoCell.swift in Sources */,
				2FD5EFE127F7563C006E2889 /* AppDelegate.swift in Sources */,
				2FD5EFE327F7563C006E2889 /* SceneDelegate.swift in Sources */,
			);
			runOnlyForDeploymentPostprocessing = 0;
		};
/* End PBXSourcesBuildPhase section */

/* Begin PBXVariantGroup section */
		2FD5EFE627F7563C006E2889 /* Main.storyboard */ = {
			isa = PBXVariantGroup;
			children = (
				2FD5EFE727F7563C006E2889 /* Base */,
			);
			name = Main.storyboard;
			sourceTree = "<group>";
		};
		2FD5EFEB27F7563D006E2889 /* LaunchScreen.storyboard */ = {
			isa = PBXVariantGroup;
			children = (
				2FD5EFEC27F7563D006E2889 /* Base */,
			);
			name = LaunchScreen.storyboard;
			sourceTree = "<group>";
		};
/* End PBXVariantGroup section */

/* Begin XCBuildConfiguration section */
		2FD5EFEF27F7563D006E2889 /* Debug */ = {
			isa = XCBuildConfiguration;
			buildSettings = {
				ALWAYS_SEARCH_USER_PATHS = NO;
				CLANG_ANALYZER_NONNULL = YES;
				CLANG_ANALYZER_NUMBER_OBJECT_CONVERSION = YES_AGGRESSIVE;
				CLANG_CXX_LANGUAGE_STANDARD = "gnu++17";
				CLANG_ENABLE_MODULES = YES;
				CLANG_ENABLE_OBJC_ARC = YES;
				CLANG_ENABLE_OBJC_WEAK = YES;
				CLANG_WARN_BLOCK_CAPTURE_AUTORELEASING = YES;
				CLANG_WARN_BOOL_CONVERSION = YES;
				CLANG_WARN_COMMA = YES;
				CLANG_WARN_CONSTANT_CONVERSION = YES;
				CLANG_WARN_DEPRECATED_OBJC_IMPLEMENTATIONS = YES;
				CLANG_WARN_DIRECT_OBJC_ISA_USAGE = YES_ERROR;
				CLANG_WARN_DOCUMENTATION_COMMENTS = YES;
				CLANG_WARN_EMPTY_BODY = YES;
				CLANG_WARN_ENUM_CONVERSION = YES;
				CLANG_WARN_INFINITE_RECURSION = YES;
				CLANG_WARN_INT_CONVERSION = YES;
				CLANG_WARN_NON_LITERAL_NULL_CONVERSION = YES;
				CLANG_WARN_OBJC_IMPLICIT_RETAIN_SELF = YES;
				CLANG_WARN_OBJC_LITERAL_CONVERSION = YES;
				CLANG_WARN_OBJC_ROOT_CLASS = YES_ERROR;
				CLANG_WARN_QUOTED_INCLUDE_IN_FRAMEWORK_HEADER = YES;
				CLANG_WARN_RANGE_LOOP_ANALYSIS = YES;
				CLANG_WARN_STRICT_PROTOTYPES = YES;
				CLANG_WARN_SUSPICIOUS_MOVE = YES;
				CLANG_WARN_UNGUARDED_AVAILABILITY = YES_AGGRESSIVE;
				CLANG_WARN_UNREACHABLE_CODE = YES;
				CLANG_WARN__DUPLICATE_METHOD_MATCH = YES;
				COPY_PHASE_STRIP = NO;
				DEBUG_INFORMATION_FORMAT = dwarf;
				ENABLE_STRICT_OBJC_MSGSEND = YES;
				ENABLE_TESTABILITY = YES;
				GCC_C_LANGUAGE_STANDARD = gnu11;
				GCC_DYNAMIC_NO_PIC = NO;
				GCC_NO_COMMON_BLOCKS = YES;
				GCC_OPTIMIZATION_LEVEL = 0;
				GCC_PREPROCESSOR_DEFINITIONS = (
					"DEBUG=1",
					"$(inherited)",
				);
				GCC_WARN_64_TO_32_BIT_CONVERSION = YES;
				GCC_WARN_ABOUT_RETURN_TYPE = YES_ERROR;
				GCC_WARN_UNDECLARED_SELECTOR = YES;
				GCC_WARN_UNINITIALIZED_AUTOS = YES_AGGRESSIVE;
				GCC_WARN_UNUSED_FUNCTION = YES;
				GCC_WARN_UNUSED_VARIABLE = YES;
				IPHONEOS_DEPLOYMENT_TARGET = 15.4;
				MTL_ENABLE_DEBUG_INFO = INCLUDE_SOURCE;
				MTL_FAST_MATH = YES;
				ONLY_ACTIVE_ARCH = YES;
				SDKROOT = iphoneos;
				SWIFT_ACTIVE_COMPILATION_CONDITIONS = DEBUG;
				SWIFT_OPTIMIZATION_LEVEL = "-Onone";
			};
			name = Debug;
		};
		2FD5EFF027F7563D006E2889 /* Release */ = {
			isa = XCBuildConfiguration;
			buildSettings = {
				ALWAYS_SEARCH_USER_PATHS = NO;
				CLANG_ANALYZER_NONNULL = YES;
				CLANG_ANALYZER_NUMBER_OBJECT_CONVERSION = YES_AGGRESSIVE;
				CLANG_CXX_LANGUAGE_STANDARD = "gnu++17";
				CLANG_ENABLE_MODULES = YES;
				CLANG_ENABLE_OBJC_ARC = YES;
				CLANG_ENABLE_OBJC_WEAK = YES;
				CLANG_WARN_BLOCK_CAPTURE_AUTORELEASING = YES;
				CLANG_WARN_BOOL_CONVERSION = YES;
				CLANG_WARN_COMMA = YES;
				CLANG_WARN_CONSTANT_CONVERSION = YES;
				CLANG_WARN_DEPRECATED_OBJC_IMPLEMENTATIONS = YES;
				CLANG_WARN_DIRECT_OBJC_ISA_USAGE = YES_ERROR;
				CLANG_WARN_DOCUMENTATION_COMMENTS = YES;
				CLANG_WARN_EMPTY_BODY = YES;
				CLANG_WARN_ENUM_CONVERSION = YES;
				CLANG_WARN_INFINITE_RECURSION = YES;
				CLANG_WARN_INT_CONVERSION = YES;
				CLANG_WARN_NON_LITERAL_NULL_CONVERSION = YES;
				CLANG_WARN_OBJC_IMPLICIT_RETAIN_SELF = YES;
				CLANG_WARN_OBJC_LITERAL_CONVERSION = YES;
				CLANG_WARN_OBJC_ROOT_CLASS = YES_ERROR;
				CLANG_WARN_QUOTED_INCLUDE_IN_FRAMEWORK_HEADER = YES;
				CLANG_WARN_RANGE_LOOP_ANALYSIS = YES;
				CLANG_WARN_STRICT_PROTOTYPES = YES;
				CLANG_WARN_SUSPICIOUS_MOVE = YES;
				CLANG_WARN_UNGUARDED_AVAILABILITY = YES_AGGRESSIVE;
				CLANG_WARN_UNREACHABLE_CODE = YES;
				CLANG_WARN__DUPLICATE_METHOD_MATCH = YES;
				COPY_PHASE_STRIP = NO;
				DEBUG_INFORMATION_FORMAT = "dwarf-with-dsym";
				ENABLE_NS_ASSERTIONS = NO;
				ENABLE_STRICT_OBJC_MSGSEND = YES;
				GCC_C_LANGUAGE_STANDARD = gnu11;
				GCC_NO_COMMON_BLOCKS = YES;
				GCC_WARN_64_TO_32_BIT_CONVERSION = YES;
				GCC_WARN_ABOUT_RETURN_TYPE = YES_ERROR;
				GCC_WARN_UNDECLARED_SELECTOR = YES;
				GCC_WARN_UNINITIALIZED_AUTOS = YES_AGGRESSIVE;
				GCC_WARN_UNUSED_FUNCTION = YES;
				GCC_WARN_UNUSED_VARIABLE = YES;
				IPHONEOS_DEPLOYMENT_TARGET = 15.4;
				MTL_ENABLE_DEBUG_INFO = NO;
				MTL_FAST_MATH = YES;
				SDKROOT = iphoneos;
				SWIFT_COMPILATION_MODE = wholemodule;
				SWIFT_OPTIMIZATION_LEVEL = "-O";
				VALIDATE_PRODUCT = YES;
			};
			name = Release;
		};
		2FD5EFF227F7563D006E2889 /* Debug */ = {
			isa = XCBuildConfiguration;
			buildSettings = {
				ASSETCATALOG_COMPILER_APPICON_NAME = AppIcon;
				ASSETCATALOG_COMPILER_GLOBAL_ACCENT_COLOR_NAME = AccentColor;
				CODE_SIGN_STYLE = Automatic;
				CURRENT_PROJECT_VERSION = 1;
				DEVELOPMENT_TEAM = X3MW99D49K;
				GENERATE_INFOPLIST_FILE = YES;
				INFOPLIST_FILE = TapMobileTestApp/Info.plist;
				INFOPLIST_KEY_UIApplicationSupportsIndirectInputEvents = YES;
				INFOPLIST_KEY_UILaunchStoryboardName = LaunchScreen;
				INFOPLIST_KEY_UIMainStoryboardFile = Main;
				INFOPLIST_KEY_UISupportedInterfaceOrientations_iPad = "UIInterfaceOrientationPortrait UIInterfaceOrientationPortraitUpsideDown UIInterfaceOrientationLandscapeLeft UIInterfaceOrientationLandscapeRight";
				INFOPLIST_KEY_UISupportedInterfaceOrientations_iPhone = "UIInterfaceOrientationPortrait UIInterfaceOrientationLandscapeLeft UIInterfaceOrientationLandscapeRight";
				LD_RUNPATH_SEARCH_PATHS = (
					"$(inherited)",
					"@executable_path/Frameworks",
				);
				MARKETING_VERSION = 1.0;
				PRODUCT_BUNDLE_IDENTIFIER = vladimir.stasenko.TapMobileTestApp;
				PRODUCT_NAME = "$(TARGET_NAME)";
				SWIFT_EMIT_LOC_STRINGS = YES;
				SWIFT_VERSION = 5.0;
				TARGETED_DEVICE_FAMILY = "1,2";
			};
			name = Debug;
		};
		2FD5EFF327F7563D006E2889 /* Release */ = {
			isa = XCBuildConfiguration;
			buildSettings = {
				ASSETCATALOG_COMPILER_APPICON_NAME = AppIcon;
				ASSETCATALOG_COMPILER_GLOBAL_ACCENT_COLOR_NAME = AccentColor;
				CODE_SIGN_STYLE = Automatic;
				CURRENT_PROJECT_VERSION = 1;
				DEVELOPMENT_TEAM = X3MW99D49K;
				GENERATE_INFOPLIST_FILE = YES;
				INFOPLIST_FILE = TapMobileTestApp/Info.plist;
				INFOPLIST_KEY_UIApplicationSupportsIndirectInputEvents = YES;
				INFOPLIST_KEY_UILaunchStoryboardName = LaunchScreen;
				INFOPLIST_KEY_UIMainStoryboardFile = Main;
				INFOPLIST_KEY_UISupportedInterfaceOrientations_iPad = "UIInterfaceOrientationPortrait UIInterfaceOrientationPortraitUpsideDown UIInterfaceOrientationLandscapeLeft UIInterfaceOrientationLandscapeRight";
				INFOPLIST_KEY_UISupportedInterfaceOrientations_iPhone = "UIInterfaceOrientationPortrait UIInterfaceOrientationLandscapeLeft UIInterfaceOrientationLandscapeRight";
				LD_RUNPATH_SEARCH_PATHS = (
					"$(inherited)",
					"@executable_path/Frameworks",
				);
				MARKETING_VERSION = 1.0;
				PRODUCT_BUNDLE_IDENTIFIER = vladimir.stasenko.TapMobileTestApp;
				PRODUCT_NAME = "$(TARGET_NAME)";
				SWIFT_EMIT_LOC_STRINGS = YES;
				SWIFT_VERSION = 5.0;
				TARGETED_DEVICE_FAMILY = "1,2";
			};
			name = Release;
		};
/* End XCBuildConfiguration section */

/* Begin XCConfigurationList section */
		2FD5EFD827F7563C006E2889 /* Build configuration list for PBXProject "TapMobileTestApp" */ = {
			isa = XCConfigurationList;
			buildConfigurations = (
				2FD5EFEF27F7563D006E2889 /* Debug */,
				2FD5EFF027F7563D006E2889 /* Release */,
			);
			defaultConfigurationIsVisible = 0;
			defaultConfigurationName = Release;
		};
		2FD5EFF127F7563D006E2889 /* Build configuration list for PBXNativeTarget "TapMobileTestApp" */ = {
			isa = XCConfigurationList;
			buildConfigurations = (
				2FD5EFF227F7563D006E2889 /* Debug */,
				2FD5EFF327F7563D006E2889 /* Release */,
			);
			defaultConfigurationIsVisible = 0;
			defaultConfigurationName = Release;
		};
/* End XCConfigurationList section */
	};
	rootObject = 2FD5EFD527F7563C006E2889 /* Project object */;
}
